{
  "version": 4,
  "terraform_version": "1.1.8",
  "serial": 17,
  "lineage": "cce1e113-d61b-2d6c-7c44-b0fdf32e09ac",
  "outputs": {
    "boot_node_ip": {
      "value": [
        "172.19.60.68"
      ],
      "type": [
        "tuple",
        [
          "string"
        ]
      ]
    },
    "node1_ip": {
      "value": [
        "172.19.60.65"
      ],
      "type": [
        "tuple",
        [
          "string"
        ]
      ]
    },
    "node2_ip": {
      "value": [
        "172.19.60.63"
      ],
      "type": [
        "tuple",
        [
          "string"
        ]
      ]
    }
  },
  "resources": [
    {
      "mode": "data",
      "type": "hpegl_vmaas_cloud",
      "name": "cloud",
      "provider": "provider[\"registry.terraform.io/hewlettpackard/hpegl\"]",
      "instances": [
        {
          "schema_version": 0,
          "attributes": {
            "id": "1",
            "name": "HPE GreenLake VMaaS Cloud-Trial1"
          },
          "sensitive_attributes": []
        }
      ]
    },
    {
      "mode": "data",
      "type": "hpegl_vmaas_cloud_folder",
      "name": "compute_folder",
      "provider": "provider[\"registry.terraform.io/hewlettpackard/hpegl\"]",
      "instances": [
        {
          "schema_version": 0,
          "attributes": {
            "cloud_id": "1",
            "code": "group-v41",
            "id": "1",
            "name": "ComputeFolder"
          },
          "sensitive_attributes": []
        }
      ]
    },
    {
      "mode": "data",
      "type": "hpegl_vmaas_datastore",
      "name": "c_3par",
      "provider": "provider[\"registry.terraform.io/hewlettpackard/hpegl\"]",
      "instances": [
        {
          "schema_version": 0,
          "attributes": {
            "cloud_id": "1",
            "id": "1",
            "name": "gl2-trial1-Vol0"
          },
          "sensitive_attributes": []
        }
      ]
    },
    {
      "mode": "data",
      "type": "hpegl_vmaas_environment",
      "name": "dev",
      "provider": "provider[\"registry.terraform.io/hewlettpackard/hpegl\"]",
      "instances": [
        {
          "schema_version": 0,
          "attributes": {
            "code": "dev",
            "id": "1",
            "name": "Dev"
          },
          "sensitive_attributes": []
        }
      ]
    },
    {
      "mode": "data",
      "type": "hpegl_vmaas_group",
      "name": "terraform_group",
      "provider": "provider[\"registry.terraform.io/hewlettpackard/hpegl\"]",
      "instances": [
        {
          "schema_version": 0,
          "attributes": {
            "id": "1",
            "name": "Default"
          },
          "sensitive_attributes": []
        }
      ]
    },
    {
      "mode": "data",
      "type": "hpegl_vmaas_layout",
      "name": "vmware",
      "provider": "provider[\"registry.terraform.io/hewlettpackard/hpegl\"]",
      "instances": [
        {
          "schema_version": 0,
          "attributes": {
            "id": "569",
            "instance_type_code": "vmware",
            "name": "Vmware VM"
          },
          "sensitive_attributes": []
        }
      ]
    },
    {
      "mode": "data",
      "type": "hpegl_vmaas_network",
      "name": "network",
      "provider": "provider[\"registry.terraform.io/hewlettpackard/hpegl\"]",
      "instances": [
        {
          "schema_version": 0,
          "attributes": {
            "id": "2",
            "name": "Blue-Network"
          },
          "sensitive_attributes": []
        }
      ]
    },
    {
      "mode": "data",
      "type": "hpegl_vmaas_plan",
      "name": "g1_large",
      "provider": "provider[\"registry.terraform.io/hewlettpackard/hpegl\"]",
      "instances": [
        {
          "schema_version": 0,
          "attributes": {
            "id": "403",
            "name": "G1-Medium"
          },
          "sensitive_attributes": []
        }
      ]
    },
    {
      "mode": "data",
      "type": "hpegl_vmaas_resource_pool",
      "name": "cl_resource_pool",
      "provider": "provider[\"registry.terraform.io/hewlettpackard/hpegl\"]",
      "instances": [
        {
          "schema_version": 0,
          "attributes": {
            "cloud_id": "1",
            "id": "2",
            "name": "ComputeResourcePool"
          },
          "sensitive_attributes": []
        }
      ]
    },
    {
      "mode": "data",
      "type": "hpegl_vmaas_template",
      "name": "vanilla",
      "provider": "provider[\"registry.terraform.io/hewlettpackard/hpegl\"]",
      "instances": [
        {
          "schema_version": 0,
          "attributes": {
            "id": "573",
            "name": "vanilla-centos7-x86_64-09072020"
          },
          "sensitive_attributes": []
        }
      ]
    },
    {
      "mode": "managed",
      "type": "hpegl_vmaas_instance",
      "name": "boot_node",
      "provider": "provider[\"registry.terraform.io/hewlettpackard/hpegl\"]",
      "instances": [
        {
          "schema_version": 0,
          "attributes": {
            "cloud_id": 1,
            "config": [
              {
                "asset_tag": "vm_tag",
                "create_user": null,
                "folder_code": "group-v41",
                "no_agent": false,
                "resource_pool_id": 2,
                "template_id": 573
              }
            ],
            "containers": [
              {
                "container_type": [
                  {
                    "name": "VMware"
                  }
                ],
                "external_fqdn": "perconadb-12451.localdomain",
                "hostname": "perconadb-12451",
                "id": 10780,
                "ip": "172.19.60.68",
                "max_cores": 2,
                "max_memory": 8589934592,
                "max_storage": 85899345920,
                "name": "perconadb-boot-12451_10780",
                "server": [
                  {
                    "compute_server_type": [
                      {
                        "external_delete": true,
                        "managed": true,
                        "name": "VMware Linux VM"
                      }
                    ],
                    "date_created": "2022-04-14T12:51:17Z",
                    "id": 10786,
                    "last_updated": "2022-04-14T12:53:08Z",
                    "owner": [
                      {
                        "username": "mohamed_api_client"
                      }
                    ],
                    "platform": "centos",
                    "platform_version": "3.10.0-1127.10.1.el7.x86_64",
                    "server_os": [
                      {
                        "name": "centOS 7 64-bit"
                      }
                    ],
                    "ssh_host": "172.19.60.68",
                    "ssh_port": 22,
                    "visibility": "private"
                  }
                ]
              }
            ],
            "env_prefix": null,
            "environment_code": "dev",
            "evars": null,
            "group_id": 1,
            "history": [
              {
                "account_id": 2,
                "created_by": [
                  {
                    "display_name": "mohamed_api_client",
                    "username": "mohamed_api_client"
                  }
                ],
                "date_created": "2022-04-14T12:51:17Z",
                "display_name": "perconadb-boot-12451",
                "duration": 109463,
                "end_date": "2022-04-14T12:53:06Z",
                "id": 16781,
                "instance_id": 1218,
                "last_updated": "2022-04-14T12:53:06Z",
                "percent": 100,
                "process_type": [
                  {
                    "code": "provision",
                    "name": "provision"
                  }
                ],
                "reason": "",
                "start_date": "2022-04-14T12:51:17Z",
                "status": "complete",
                "status_eta": 0,
                "unique_id": "82bf4651-59b6-4bf0-a591-4253a7950716",
                "updated_by": [
                  {
                    "display_name": "mohamed_api_client",
                    "username": "mohamed_api_client"
                  }
                ]
              }
            ],
            "hostname": "perconadb-12451",
            "id": "1218",
            "instance_type_code": "vmware",
            "labels": [
              "DBaaS"
            ],
            "layout_id": 569,
            "name": "perconadb-boot-12451",
            "network": [
              {
                "id": 2,
                "interface_id": 0,
                "internal_id": 10862,
                "is_primary": true,
                "name": "eth0"
              }
            ],
            "plan_id": 403,
            "port": [],
            "power": null,
            "power_schedule_id": null,
            "restart_instance": null,
            "scale": null,
            "server_id": 10786,
            "snapshot": [],
            "status": "running",
            "tags": {
              "purpose": "perconadb"
            },
            "volume": [
              {
                "datastore_id": "1",
                "id": 12911,
                "name": "root_vol",
                "root": true,
                "size": 80
              }
            ]
          },
          "sensitive_attributes": [],
          "private": "bnVsbA==",
          "dependencies": [
            "data.hpegl_vmaas_cloud.cloud",
            "data.hpegl_vmaas_cloud_folder.compute_folder",
            "data.hpegl_vmaas_datastore.c_3par",
            "data.hpegl_vmaas_environment.dev",
            "data.hpegl_vmaas_group.terraform_group",
            "data.hpegl_vmaas_layout.vmware",
            "data.hpegl_vmaas_network.network",
            "data.hpegl_vmaas_plan.g1_large",
            "data.hpegl_vmaas_resource_pool.cl_resource_pool",
            "data.hpegl_vmaas_template.vanilla",
            "random_integer.random"
          ]
        }
      ]
    },
    {
      "mode": "managed",
      "type": "hpegl_vmaas_instance",
      "name": "node1",
      "provider": "provider[\"registry.terraform.io/hewlettpackard/hpegl\"]",
      "instances": [
        {
          "schema_version": 0,
          "attributes": {
            "cloud_id": 1,
            "config": [
              {
                "asset_tag": "vm_tag",
                "create_user": null,
                "folder_code": "group-v41",
                "no_agent": false,
                "resource_pool_id": 2,
                "template_id": 573
              }
            ],
            "containers": [
              {
                "container_type": [
                  {
                    "name": "VMware"
                  }
                ],
                "external_fqdn": "perconadb-12451.localdomain",
                "hostname": "perconadb-12451",
                "id": 10779,
                "ip": "172.19.60.65",
                "max_cores": 2,
                "max_memory": 8589934592,
                "max_storage": 85899345920,
                "name": "perconadb-node1-12451_10779",
                "server": [
                  {
                    "compute_server_type": [
                      {
                        "external_delete": true,
                        "managed": true,
                        "name": "VMware Linux VM"
                      }
                    ],
                    "date_created": "2022-04-14T12:49:13Z",
                    "id": 10785,
                    "last_updated": "2022-04-14T12:51:05Z",
                    "owner": [
                      {
                        "username": "mohamed_api_client"
                      }
                    ],
                    "platform": "centos",
                    "platform_version": "3.10.0-1127.10.1.el7.x86_64",
                    "server_os": [],
                    "ssh_host": "172.19.60.65",
                    "ssh_port": 22,
                    "visibility": "private"
                  }
                ]
              }
            ],
            "env_prefix": null,
            "environment_code": "dev",
            "evars": null,
            "group_id": 1,
            "history": [
              {
                "account_id": 2,
                "created_by": [
                  {
                    "display_name": "mohamed_api_client",
                    "username": "mohamed_api_client"
                  }
                ],
                "date_created": "2022-04-14T12:49:13Z",
                "display_name": "perconadb-node1-12451",
                "duration": 112118,
                "end_date": "2022-04-14T12:51:05Z",
                "id": 16780,
                "instance_id": 1217,
                "last_updated": "2022-04-14T12:51:05Z",
                "percent": 100,
                "process_type": [
                  {
                    "code": "provision",
                    "name": "provision"
                  }
                ],
                "reason": "",
                "start_date": "2022-04-14T12:49:13Z",
                "status": "complete",
                "status_eta": 0,
                "unique_id": "b5662610-7fc8-42db-b212-58b7ab7eb538",
                "updated_by": [
                  {
                    "display_name": "mohamed_api_client",
                    "username": "mohamed_api_client"
                  }
                ]
              }
            ],
            "hostname": "perconadb-12451",
            "id": "1217",
            "instance_type_code": "vmware",
            "labels": [
              "DBaaS"
            ],
            "layout_id": 569,
            "name": "perconadb-node1-12451",
            "network": [
              {
                "id": 2,
                "interface_id": 0,
                "internal_id": 10861,
                "is_primary": true,
                "name": "eth0"
              }
            ],
            "plan_id": 403,
            "port": [],
            "power": null,
            "power_schedule_id": null,
            "restart_instance": null,
            "scale": null,
            "server_id": 10785,
            "snapshot": [],
            "status": "running",
            "tags": {
              "purpose": "perconadb"
            },
            "volume": [
              {
                "datastore_id": "1",
                "id": 12910,
                "name": "root_vol",
                "root": true,
                "size": 80
              }
            ]
          },
          "sensitive_attributes": [],
          "private": "bnVsbA==",
          "dependencies": [
            "data.hpegl_vmaas_cloud.cloud",
            "data.hpegl_vmaas_cloud_folder.compute_folder",
            "data.hpegl_vmaas_datastore.c_3par",
            "data.hpegl_vmaas_environment.dev",
            "data.hpegl_vmaas_group.terraform_group",
            "data.hpegl_vmaas_layout.vmware",
            "data.hpegl_vmaas_network.network",
            "data.hpegl_vmaas_plan.g1_large",
            "data.hpegl_vmaas_resource_pool.cl_resource_pool",
            "data.hpegl_vmaas_template.vanilla",
            "random_integer.random"
          ]
        }
      ]
    },
    {
      "mode": "managed",
      "type": "hpegl_vmaas_instance",
      "name": "node2",
      "provider": "provider[\"registry.terraform.io/hewlettpackard/hpegl\"]",
      "instances": [
        {
          "schema_version": 0,
          "attributes": {
            "cloud_id": 1,
            "config": [
              {
                "asset_tag": "vm_tag",
                "create_user": null,
                "folder_code": "group-v41",
                "no_agent": false,
                "resource_pool_id": 2,
                "template_id": 573
              }
            ],
            "containers": [
              {
                "container_type": [
                  {
                    "name": "VMware"
                  }
                ],
                "external_fqdn": "perconadb-12451.localdomain",
                "hostname": "perconadb-12451",
                "id": 10778,
                "ip": "172.19.60.63",
                "max_cores": 2,
                "max_memory": 8589934592,
                "max_storage": 85899345920,
                "name": "perconadb-node2-12451_10778",
                "server": [
                  {
                    "compute_server_type": [
                      {
                        "external_delete": true,
                        "managed": true,
                        "name": "VMware Linux VM"
                      }
                    ],
                    "date_created": "2022-04-14T12:47:25Z",
                    "id": 10784,
                    "last_updated": "2022-04-14T12:49:07Z",
                    "owner": [
                      {
                        "username": "mohamed_api_client"
                      }
                    ],
                    "platform": "centos",
                    "platform_version": "3.10.0-1127.10.1.el7.x86_64",
                    "server_os": [],
                    "ssh_host": "172.19.60.63",
                    "ssh_port": 22,
                    "visibility": "private"
                  }
                ]
              }
            ],
            "env_prefix": null,
            "environment_code": "dev",
            "evars": null,
            "group_id": 1,
            "history": [
              {
                "account_id": 2,
                "created_by": [
                  {
                    "display_name": "mohamed_api_client",
                    "username": "mohamed_api_client"
                  }
                ],
                "date_created": "2022-04-14T12:47:25Z",
                "display_name": "perconadb-node2-12451",
                "duration": 101745,
                "end_date": "2022-04-14T12:49:07Z",
                "id": 16779,
                "instance_id": 1216,
                "last_updated": "2022-04-14T12:49:07Z",
                "percent": 100,
                "process_type": [
                  {
                    "code": "provision",
                    "name": "provision"
                  }
                ],
                "reason": "",
                "start_date": "2022-04-14T12:47:25Z",
                "status": "complete",
                "status_eta": 0,
                "unique_id": "898d2a78-543e-4eda-90a1-2c529734135d",
                "updated_by": [
                  {
                    "display_name": "mohamed_api_client",
                    "username": "mohamed_api_client"
                  }
                ]
              }
            ],
            "hostname": "perconadb-12451",
            "id": "1216",
            "instance_type_code": "vmware",
            "labels": [
              "DBaaS"
            ],
            "layout_id": 569,
            "name": "perconadb-node2-12451",
            "network": [
              {
                "id": 2,
                "interface_id": 0,
                "internal_id": 10860,
                "is_primary": true,
                "name": "eth0"
              }
            ],
            "plan_id": 403,
            "port": [],
            "power": null,
            "power_schedule_id": null,
            "restart_instance": null,
            "scale": null,
            "server_id": 10784,
            "snapshot": [],
            "status": "running",
            "tags": {
              "purpose": "perconadb"
            },
            "volume": [
              {
                "datastore_id": "1",
                "id": 12909,
                "name": "root_vol",
                "root": true,
                "size": 80
              }
            ]
          },
          "sensitive_attributes": [],
          "private": "bnVsbA==",
          "dependencies": [
            "data.hpegl_vmaas_cloud.cloud",
            "data.hpegl_vmaas_cloud_folder.compute_folder",
            "data.hpegl_vmaas_datastore.c_3par",
            "data.hpegl_vmaas_environment.dev",
            "data.hpegl_vmaas_group.terraform_group",
            "data.hpegl_vmaas_layout.vmware",
            "data.hpegl_vmaas_network.network",
            "data.hpegl_vmaas_plan.g1_large",
            "data.hpegl_vmaas_resource_pool.cl_resource_pool",
            "data.hpegl_vmaas_template.vanilla",
            "random_integer.random"
          ]
        }
      ]
    },
    {
      "mode": "managed",
      "type": "null_resource",
      "name": "DeployPersona",
      "provider": "provider[\"registry.terraform.io/hashicorp/null\"]",
      "instances": [
        {
          "schema_version": 0,
          "attributes": {
            "id": "3751173857047787655",
            "triggers": null
          },
          "sensitive_attributes": [],
          "private": "bnVsbA==",
          "dependencies": [
            "data.hpegl_vmaas_cloud.cloud",
            "data.hpegl_vmaas_cloud_folder.compute_folder",
            "data.hpegl_vmaas_datastore.c_3par",
            "data.hpegl_vmaas_environment.dev",
            "data.hpegl_vmaas_group.terraform_group",
            "data.hpegl_vmaas_layout.vmware",
            "data.hpegl_vmaas_network.network",
            "data.hpegl_vmaas_plan.g1_large",
            "data.hpegl_vmaas_resource_pool.cl_resource_pool",
            "data.hpegl_vmaas_template.vanilla",
            "hpegl_vmaas_instance.boot_node",
            "hpegl_vmaas_instance.node1",
            "hpegl_vmaas_instance.node2",
            "random_integer.random"
          ]
        }
      ]
    },
    {
      "mode": "managed",
      "type": "random_integer",
      "name": "random",
      "provider": "provider[\"registry.terraform.io/hashicorp/random\"]",
      "instances": [
        {
          "schema_version": 0,
          "attributes": {
            "id": "12451",
            "keepers": null,
            "max": 50000,
            "min": 1,
            "result": 12451,
            "seed": null
          },
          "sensitive_attributes": [],
          "private": "bnVsbA=="
        }
      ]
    }
  ]
}
